
Microsoft Visual Studio Solution File, Format Version 12.00
# Visual Studio Version 16
VisualStudioVersion = 16.0.30114.105
MinimumVisualStudioVersion = 10.0.40219.1
Project("{FAE04EC0-301F-11D3-BF4B-00C04F79EFBC}") = "MainDemo.Blazor", "MainDemo.Blazor\MainDemo.Blazor.csproj", "{9BF1C938-30BF-4F6E-B123-5DB521F1E2A3}"
EndProject
Global
	GlobalSection(SolutionConfigurationPlatforms) = preSolution
		Debug|Any CPU = Debug|Any CPU
		Release|Any CPU = Release|Any CPU
	EndGlobalSection
	GlobalSection(ProjectConfigurationPlatforms) = postSolution
		{9BF1C938-30BF-4F6E-B123-5DB521F1E2A3}.Debug|Any CPU.ActiveCfg = Debug|Any CPU
		{9BF1C938-30BF-4F6E-B123-5DB521F1E2A3}.Debug|Any CPU.Build.0 = Debug|Any CPU
		{9BF1C938-30BF-4F6E-B123-5DB521F1E2A3}.Release|Any CPU.ActiveCfg = Release|Any CPU
		{9BF1C938-30BF-4F6E-B123-5DB521F1E2A3}.Release|Any CPU.Build.0 = Release|Any CPU
	EndGlobalSection
	GlobalSection(SolutionProperties) = preSolution
		HideSolutionNode = FALSE
	EndGlobalSection
	GlobalSection(ExtensibilityGlobals) = postSolution
		SolutionGuid = {0191A470-1174-4C1A-97F3-7A02E4AFE077}
	EndGlobalSection
EndGlobal
